
Microsoft Visual Studio Solution File, Format Version 12.00
# Visual Studio 15
VisualStudioVersion = 15.0.28307.1209
MinimumVisualStudioVersion = 10.0.40219.1
Project("{FAE04EC0-301F-11D3-BF4B-00C04F79EFBC}") = "Linq2db.Postgis.Extensions.DemoApp", "Linq2db.Postgis.Extensions.DemoApp\Linq2db.Postgis.Extensions.DemoApp.csproj", "{E103D6BF-A513-467C-983C-4A830D2C2F9B}"
EndProject
Project("{9A19103F-16F7-4668-BE54-9A1E7A4F7556}") = "Linq2db.Postgis.Extensions", "Linq2db.Postgis.Extensions\Linq2db.Postgis.Extensions.csproj", "{C4C99390-2006-4DAA-9743-71A5403782DC}"
EndProject
Global
	GlobalSection(SolutionConfigurationPlatforms) = preSolution
		Debug|Any CPU = Debug|Any CPU
		Release|Any CPU = Release|Any CPU
	EndGlobalSection
	GlobalSection(ProjectConfigurationPlatforms) = postSolution
		{E103D6BF-A513-467C-983C-4A830D2C2F9B}.Debug|Any CPU.ActiveCfg = Debug|Any CPU
		{E103D6BF-A513-467C-983C-4A830D2C2F9B}.Debug|Any CPU.Build.0 = Debug|Any CPU
		{E103D6BF-A513-467C-983C-4A830D2C2F9B}.Release|Any CPU.ActiveCfg = Release|Any CPU
		{E103D6BF-A513-467C-983C-4A830D2C2F9B}.Release|Any CPU.Build.0 = Release|Any CPU
		{C4C99390-2006-4DAA-9743-71A5403782DC}.Debug|Any CPU.ActiveCfg = Debug|Any CPU
		{C4C99390-2006-4DAA-9743-71A5403782DC}.Debug|Any CPU.Build.0 = Debug|Any CPU
		{C4C99390-2006-4DAA-9743-71A5403782DC}.Release|Any CPU.ActiveCfg = Release|Any CPU
		{C4C99390-2006-4DAA-9743-71A5403782DC}.Release|Any CPU.Build.0 = Release|Any CPU
	EndGlobalSection
	GlobalSection(SolutionProperties) = preSolution
		HideSolutionNode = FALSE
	EndGlobalSection
	GlobalSection(ExtensibilityGlobals) = postSolution
		SolutionGuid = {5CA85FF0-5D7D-4327-B341-4390F310B1CD}
	EndGlobalSection
EndGlobal
